
Microsoft Visual Studio Solution File, Format Version 12.00
# Visual Studio Version 16
VisualStudioVersion = 16.0.29920.165
MinimumVisualStudioVersion = 10.0.40219.1
Project("{9A19103F-16F7-4668-BE54-9A1E7A4F7556}") = "CrudLivro", "CrudLivro\CrudLivro.csproj", "{0F6E8FA1-73EB-4398-947B-CC3CA2F1B2FD}"
EndProject
Project("{9A19103F-16F7-4668-BE54-9A1E7A4F7556}") = "Domain", "Domain\Domain.csproj", "{B47F0337-8DA1-4A52-8EBD-4A5727B187B4}"
EndProject
Project("{9A19103F-16F7-4668-BE54-9A1E7A4F7556}") = "RepositoryMongo", "RepositoryMongo\RepositoryMongo.csproj", "{8A3821FC-D79C-49FF-A090-A169968E1BC4}"
EndProject
Project("{FAE04EC0-301F-11D3-BF4B-00C04F79EFBC}") = "Service", "Service\Service.csproj", "{AA1DD90F-4328-4659-9A98-0E15E7A13CC3}"
EndProject
Global
	GlobalSection(SolutionConfigurationPlatforms) = preSolution
		Debug|Any CPU = Debug|Any CPU
		Release|Any CPU = Release|Any CPU
	EndGlobalSection
	GlobalSection(ProjectConfigurationPlatforms) = postSolution
		{0F6E8FA1-73EB-4398-947B-CC3CA2F1B2FD}.Debug|Any CPU.ActiveCfg = Debug|Any CPU
		{0F6E8FA1-73EB-4398-947B-CC3CA2F1B2FD}.Debug|Any CPU.Build.0 = Debug|Any CPU
		{0F6E8FA1-73EB-4398-947B-CC3CA2F1B2FD}.Release|Any CPU.ActiveCfg = Release|Any CPU
		{0F6E8FA1-73EB-4398-947B-CC3CA2F1B2FD}.Release|Any CPU.Build.0 = Release|Any CPU
		{B47F0337-8DA1-4A52-8EBD-4A5727B187B4}.Debug|Any CPU.ActiveCfg = Debug|Any CPU
		{B47F0337-8DA1-4A52-8EBD-4A5727B187B4}.Debug|Any CPU.Build.0 = Debug|Any CPU
		{B47F0337-8DA1-4A52-8EBD-4A5727B187B4}.Release|Any CPU.ActiveCfg = Release|Any CPU
		{B47F0337-8DA1-4A52-8EBD-4A5727B187B4}.Release|Any CPU.Build.0 = Release|Any CPU
		{8A3821FC-D79C-49FF-A090-A169968E1BC4}.Debug|Any CPU.ActiveCfg = Debug|Any CPU
		{8A3821FC-D79C-49FF-A090-A169968E1BC4}.Debug|Any CPU.Build.0 = Debug|Any CPU
		{8A3821FC-D79C-49FF-A090-A169968E1BC4}.Release|Any CPU.ActiveCfg = Release|Any CPU
		{8A3821FC-D79C-49FF-A090-A169968E1BC4}.Release|Any CPU.Build.0 = Release|Any CPU
		{AA1DD90F-4328-4659-9A98-0E15E7A13CC3}.Debug|Any CPU.ActiveCfg = Debug|Any CPU
		{AA1DD90F-4328-4659-9A98-0E15E7A13CC3}.Debug|Any CPU.Build.0 = Debug|Any CPU
		{AA1DD90F-4328-4659-9A98-0E15E7A13CC3}.Release|Any CPU.ActiveCfg = Release|Any CPU
		{AA1DD90F-4328-4659-9A98-0E15E7A13CC3}.Release|Any CPU.Build.0 = Release|Any CPU
	EndGlobalSection
	GlobalSection(SolutionProperties) = preSolution
		HideSolutionNode = FALSE
	EndGlobalSection
	GlobalSection(ExtensibilityGlobals) = postSolution
		SolutionGuid = {8F78FC49-290D-4628-93FB-2C359E18425E}
	EndGlobalSection
EndGlobal
